# This file is autogenerated, do not edit; changes may be undone by the next 'dep ensure'.


[[projects]]
  branch = "master"
  name = "github.com/kylelemons/godebug"
  packages = [
    "diff",
    "pretty"
  ]
  revision = "d65d576e9348f5982d7f6d83682b694e731a45c6"

[[projects]]
  branch = "master"
  name = "github.com/samsarahq/go"
  packages = ["snapshotter"]
  revision = "85792c4e11f877c7fd0ff07fc5f7ec70c5eded27"

[solve-meta]
  analyzer-name = "dep"
  analyzer-version = 1
  inputs-digest = "216e75bd6a93059fc881ee8d5bdcb225c7a51f601a4075937e620b978ce6f050"
  solver-name = "gps-cdcl"
  solver-version = 1
